
Microsoft Visual Studio Solution File, Format Version 12.00
# Visual Studio Version 16
VisualStudioVersion = 16.0.29709.97
MinimumVisualStudioVersion = 10.0.40219.1
Project("{FAE04EC0-301F-11D3-BF4B-00C04F79EFBC}") = "SPA", "SPA\SPA.csproj", "{6DB0E006-49A4-41D8-8108-CCAFFAE6B3F7}"
EndProject
Project("{FAE04EC0-301F-11D3-BF4B-00C04F79EFBC}") = "SPA.UnitTests", "SPA.UnitTests\SPA.UnitTests.csproj", "{BE54817F-0C02-4BC3-9A50-17F93F3CD6A5}"
EndProject
Global
	GlobalSection(SolutionConfigurationPlatforms) = preSolution
		Debug|Any CPU = Debug|Any CPU
		Release|Any CPU = Release|Any CPU
	EndGlobalSection
	GlobalSection(ProjectConfigurationPlatforms) = postSolution
		{6DB0E006-49A4-41D8-8108-CCAFFAE6B3F7}.Debug|Any CPU.ActiveCfg = Debug|Any CPU
		{6DB0E006-49A4-41D8-8108-CCAFFAE6B3F7}.Debug|Any CPU.Build.0 = Debug|Any CPU
		{6DB0E006-49A4-41D8-8108-CCAFFAE6B3F7}.Release|Any CPU.ActiveCfg = Release|Any CPU
		{6DB0E006-49A4-41D8-8108-CCAFFAE6B3F7}.Release|Any CPU.Build.0 = Release|Any CPU
		{BE54817F-0C02-4BC3-9A50-17F93F3CD6A5}.Debug|Any CPU.ActiveCfg = Debug|Any CPU
		{BE54817F-0C02-4BC3-9A50-17F93F3CD6A5}.Debug|Any CPU.Build.0 = Debug|Any CPU
		{BE54817F-0C02-4BC3-9A50-17F93F3CD6A5}.Release|Any CPU.ActiveCfg = Release|Any CPU
		{BE54817F-0C02-4BC3-9A50-17F93F3CD6A5}.Release|Any CPU.Build.0 = Release|Any CPU
	EndGlobalSection
	GlobalSection(SolutionProperties) = preSolution
		HideSolutionNode = FALSE
	EndGlobalSection
	GlobalSection(ExtensibilityGlobals) = postSolution
		SolutionGuid = {FA26DA4A-E536-4C53-8694-0DAB7A8CC08C}
	EndGlobalSection
EndGlobal
